
Microsoft Visual Studio Solution File, Format Version 12.00
# Visual Studio Version 17
VisualStudioVersion = 17.3.32804.467
MinimumVisualStudioVersion = 10.0.40219.1
Project("{9A19103F-16F7-4668-BE54-9A1E7A4F7556}") = "PWebApi", "PWebApi\PWebApi.csproj", "{0C9F5E23-5473-4282-8605-E0875519BEDB}"
EndProject
Project("{9A19103F-16F7-4668-BE54-9A1E7A4F7556}") = "AppWeb", "WebApplication2\AppWeb.csproj", "{EE214739-D88F-43B2-A92B-55F68ACA04D0}"
EndProject
Global
	GlobalSection(SolutionConfigurationPlatforms) = preSolution
		Debug|Any CPU = Debug|Any CPU
		Release|Any CPU = Release|Any CPU
	EndGlobalSection
	GlobalSection(ProjectConfigurationPlatforms) = postSolution
		{0C9F5E23-5473-4282-8605-E0875519BEDB}.Debug|Any CPU.ActiveCfg = Debug|Any CPU
		{0C9F5E23-5473-4282-8605-E0875519BEDB}.Debug|Any CPU.Build.0 = Debug|Any CPU
		{0C9F5E23-5473-4282-8605-E0875519BEDB}.Release|Any CPU.ActiveCfg = Release|Any CPU
		{0C9F5E23-5473-4282-8605-E0875519BEDB}.Release|Any CPU.Build.0 = Release|Any CPU
		{EE214739-D88F-43B2-A92B-55F68ACA04D0}.Debug|Any CPU.ActiveCfg = Debug|Any CPU
		{EE214739-D88F-43B2-A92B-55F68ACA04D0}.Debug|Any CPU.Build.0 = Debug|Any CPU
		{EE214739-D88F-43B2-A92B-55F68ACA04D0}.Release|Any CPU.ActiveCfg = Release|Any CPU
		{EE214739-D88F-43B2-A92B-55F68ACA04D0}.Release|Any CPU.Build.0 = Release|Any CPU
	EndGlobalSection
	GlobalSection(SolutionProperties) = preSolution
		HideSolutionNode = FALSE
	EndGlobalSection
	GlobalSection(ExtensibilityGlobals) = postSolution
		SolutionGuid = {9BF82A3C-703F-4E0C-9522-46D5D69A24C3}
	EndGlobalSection
EndGlobal
